PODS:
  - boost-for-react-native (1.63.0)
  - DoubleConversion (1.1.6)
  - FBLazyVector (0.61.63)
  - FBReactNativeSpec (0.61.63):
    - Folly (= 2018.10.22.00)
    - RCTRequired (= 0.61.63)
    - RCTTypeSafety (= 0.61.63)
    - React-Core (= 0.61.63)
    - React-jsi (= 0.61.63)
    - ReactCommon/turbomodule/core (= 0.61.63)
  - Folly (2018.10.22.00):
    - boost-for-react-native
    - DoubleConversion
    - Folly/Default (= 2018.10.22.00)
    - glog
  - Folly/Default (2018.10.22.00):
    - boost-for-react-native
    - DoubleConversion
    - glog
  - glog (0.3.5)
  - RCTRequired (0.61.63)
  - RCTTypeSafety (0.61.63):
    - FBLazyVector (= 0.61.63)
    - Folly (= 2018.10.22.00)
    - RCTRequired (= 0.61.63)
    - React-Core (= 0.61.63)
  - React (0.61.63):
    - React-Core (= 0.61.63)
    - React-Core/DevSupport (= 0.61.63)
    - React-Core/RCTWebSocket (= 0.61.63)
    - React-RCTActionSheet (= 0.61.63)
    - React-RCTAnimation (= 0.61.63)
    - React-RCTBlob (= 0.61.63)
    - React-RCTImage (= 0.61.63)
    - React-RCTLinking (= 0.61.63)
    - React-RCTNetwork (= 0.61.63)
    - React-RCTSettings (= 0.61.63)
    - React-RCTText (= 0.61.63)
    - React-RCTVibration (= 0.61.63)
  - React-Core (0.61.63):
    - Folly (= 2018.10.22.00)
    - glog
    - React-Core/Default (= 0.61.63)
    - React-cxxreact (= 0.61.63)
    - React-jsi (= 0.61.63)
    - React-jsiexecutor (= 0.61.63)
    - Yoga
  - React-Core/CoreModulesHeaders (0.61.63):
    - Folly (= 2018.10.22.00)
    - glog
    - React-Core/Default
    - React-cxxreact (= 0.61.63)
    - React-jsi (= 0.61.63)
    - React-jsiexecutor (= 0.61.63)
    - Yoga
  - React-Core/Default (0.61.63):
    - Folly (= 2018.10.22.00)
    - glog
    - React-cxxreact (= 0.61.63)
    - React-jsi (= 0.61.63)
    - React-jsiexecutor (= 0.61.63)
    - Yoga
  - React-Core/DevSupport (0.61.63):
    - Folly (= 2018.10.22.00)
    - glog
    - React-Core/Default (= 0.61.63)
    - React-Core/RCTWebSocket (= 0.61.63)
    - React-cxxreact (= 0.61.63)
    - React-jsi (= 0.61.63)
    - React-jsiexecutor (= 0.61.63)
    - React-jsinspector (= 0.61.63)
    - Yoga
  - React-Core/RCTActionSheetHeaders (0.61.63):
    - Folly (= 2018.10.22.00)
    - glog
    - React-Core/Default
    - React-cxxreact (= 0.61.63)
    - React-jsi (= 0.61.63)
    - React-jsiexecutor (= 0.61.63)
    - Yoga
  - React-Core/RCTAnimationHeaders (0.61.63):
    - Folly (= 2018.10.22.00)
    - glog
    - React-Core/Default
    - React-cxxreact (= 0.61.63)
    - React-jsi (= 0.61.63)
    - React-jsiexecutor (= 0.61.63)
    - Yoga
  - React-Core/RCTBlobHeaders (0.61.63):
    - Folly (= 2018.10.22.00)
    - glog
    - React-Core/Default
    - React-cxxreact (= 0.61.63)
    - React-jsi (= 0.61.63)
    - React-jsiexecutor (= 0.61.63)
    - Yoga
  - React-Core/RCTImageHeaders (0.61.63):
    - Folly (= 2018.10.22.00)
    - glog
    - React-Core/Default
    - React-cxxreact (= 0.61.63)
    - React-jsi (= 0.61.63)
    - React-jsiexecutor (= 0.61.63)
    - Yoga
  - React-Core/RCTLinkingHeaders (0.61.63):
    - Folly (= 2018.10.22.00)
    - glog
    - React-Core/Default
    - React-cxxreact (= 0.61.63)
    - React-jsi (= 0.61.63)
    - React-jsiexecutor (= 0.61.63)
    - Yoga
  - React-Core/RCTNetworkHeaders (0.61.63):
    - Folly (= 2018.10.22.00)
    - glog
    - React-Core/Default
    - React-cxxreact (= 0.61.63)
    - React-jsi (= 0.61.63)
    - React-jsiexecutor (= 0.61.63)
    - Yoga
  - React-Core/RCTSettingsHeaders (0.61.63):
    - Folly (= 2018.10.22.00)
    - glog
    - React-Core/Default
    - React-cxxreact (= 0.61.63)
    - React-jsi (= 0.61.63)
    - React-jsiexecutor (= 0.61.63)
    - Yoga
  - React-Core/RCTTextHeaders (0.61.63):
    - Folly (= 2018.10.22.00)
    - glog
    - React-Core/Default
    - React-cxxreact (= 0.61.63)
    - React-jsi (= 0.61.63)
    - React-jsiexecutor (= 0.61.63)
    - Yoga
  - React-Core/RCTVibrationHeaders (0.61.63):
    - Folly (= 2018.10.22.00)
    - glog
    - React-Core/Default
    - React-cxxreact (= 0.61.63)
    - React-jsi (= 0.61.63)
    - React-jsiexecutor (= 0.61.63)
    - Yoga
  - React-Core/RCTWebSocket (0.61.63):
    - Folly (= 2018.10.22.00)
    - glog
    - React-Core/Default (= 0.61.63)
    - React-cxxreact (= 0.61.63)
    - React-jsi (= 0.61.63)
    - React-jsiexecutor (= 0.61.63)
    - Yoga
  - React-CoreModules (0.61.63):
    - FBReactNativeSpec (= 0.61.63)
    - Folly (= 2018.10.22.00)
    - RCTTypeSafety (= 0.61.63)
    - React-Core/CoreModulesHeaders (= 0.61.63)
    - React-RCTImage (= 0.61.63)
    - ReactCommon/turbomodule/core (= 0.61.63)
  - React-cxxreact (0.61.63):
    - boost-for-react-native (= 1.63.0)
    - DoubleConversion
    - Folly (= 2018.10.22.00)
    - glog
    - React-jsinspector (= 0.61.63)
  - React-jsi (0.61.63):
    - boost-for-react-native (= 1.63.0)
    - DoubleConversion
    - Folly (= 2018.10.22.00)
    - glog
    - React-jsi/Default (= 0.61.63)
  - React-jsi/Default (0.61.63):
    - boost-for-react-native (= 1.63.0)
    - DoubleConversion
    - Folly (= 2018.10.22.00)
    - glog
  - React-jsiexecutor (0.61.63):
    - DoubleConversion
    - Folly (= 2018.10.22.00)
    - glog
    - React-cxxreact (= 0.61.63)
    - React-jsi (= 0.61.63)
  - React-jsinspector (0.61.63)
  - React-RCTActionSheet (0.61.63):
    - React-Core/RCTActionSheetHeaders (= 0.61.63)
  - React-RCTAnimation (0.61.63):
    - React-Core/RCTAnimationHeaders (= 0.61.63)
  - React-RCTBlob (0.61.63):
    - React-Core/RCTBlobHeaders (= 0.61.63)
    - React-Core/RCTWebSocket (= 0.61.63)
    - React-jsi (= 0.61.63)
    - React-RCTNetwork (= 0.61.63)
  - React-RCTImage (0.61.63):
    - React-Core/RCTImageHeaders (= 0.61.63)
    - React-RCTNetwork (= 0.61.63)
  - React-RCTLinking (0.61.63):
    - React-Core/RCTLinkingHeaders (= 0.61.63)
  - React-RCTNetwork (0.61.63):
    - React-Core/RCTNetworkHeaders (= 0.61.63)
  - React-RCTSettings (0.61.63):
    - React-Core/RCTSettingsHeaders (= 0.61.63)
  - React-RCTText (0.61.63):
    - React-Core/RCTTextHeaders (= 0.61.63)
  - React-RCTVibration (0.61.63):
    - React-Core/RCTVibrationHeaders (= 0.61.63)
  - ReactCommon/jscallinvoker (0.61.63):
    - DoubleConversion
    - Folly (= 2018.10.22.00)
    - glog
    - React-cxxreact (= 0.61.63)
  - ReactCommon/turbomodule/core (0.61.63):
    - DoubleConversion
    - Folly (= 2018.10.22.00)
    - glog
    - React-Core (= 0.61.63)
    - React-cxxreact (= 0.61.63)
    - React-jsi (= 0.61.63)
    - ReactCommon/jscallinvoker (= 0.61.63)
  - RNCPicker (1.9.2):
    - React-Core
  - Yoga (1.14.0)

DEPENDENCIES:
  - boost-for-react-native (from `../../node_modules/react-native-macos/third-party-podspecs/boost-for-react-native.podspec`)
  - DoubleConversion (from `../../node_modules/react-native-macos/third-party-podspecs/DoubleConversion.podspec`)
  - FBLazyVector (from `../../node_modules/react-native-macos/Libraries/FBLazyVector`)
  - FBReactNativeSpec (from `../../node_modules/react-native-macos/Libraries/FBReactNativeSpec`)
  - Folly (from `../../node_modules/react-native-macos/third-party-podspecs/Folly.podspec`)
  - glog (from `../../node_modules/react-native-macos/third-party-podspecs/glog.podspec`)
  - RCTRequired (from `../../node_modules/react-native-macos/Libraries/RCTRequired`)
  - RCTTypeSafety (from `../../node_modules/react-native-macos/Libraries/TypeSafety`)
  - React (from `../../node_modules/react-native-macos/`)
  - React-Core (from `../../node_modules/react-native-macos/`)
  - React-Core/DevSupport (from `../../node_modules/react-native-macos/`)
  - React-Core/RCTWebSocket (from `../../node_modules/react-native-macos/`)
  - React-CoreModules (from `../../node_modules/react-native-macos/React/CoreModules`)
  - React-cxxreact (from `../../node_modules/react-native-macos/ReactCommon/cxxreact`)
  - React-jsi (from `../../node_modules/react-native-macos/ReactCommon/jsi`)
  - React-jsiexecutor (from `../../node_modules/react-native-macos/ReactCommon/jsiexecutor`)
  - React-jsinspector (from `../../node_modules/react-native-macos/ReactCommon/jsinspector`)
  - React-RCTActionSheet (from `../../node_modules/react-native-macos/Libraries/ActionSheetIOS`)
  - React-RCTAnimation (from `../../node_modules/react-native-macos/Libraries/NativeAnimation`)
  - React-RCTBlob (from `../../node_modules/react-native-macos/Libraries/Blob`)
  - React-RCTImage (from `../../node_modules/react-native-macos/Libraries/Image`)
  - React-RCTLinking (from `../../node_modules/react-native-macos/Libraries/LinkingIOS`)
  - React-RCTNetwork (from `../../node_modules/react-native-macos/Libraries/Network`)
  - React-RCTSettings (from `../../node_modules/react-native-macos/Libraries/Settings`)
  - React-RCTText (from `../../node_modules/react-native-macos/Libraries/Text`)
  - React-RCTVibration (from `../../node_modules/react-native-macos/Libraries/Vibration`)
  - ReactCommon/jscallinvoker (from `../../node_modules/react-native-macos/ReactCommon`)
  - ReactCommon/turbomodule/core (from `../../node_modules/react-native-macos/ReactCommon`)
  - RNCPicker (from `../../RNCPicker.podspec`)
  - Yoga (from `../../node_modules/react-native-macos/ReactCommon/yoga`)

EXTERNAL SOURCES:
  boost-for-react-native:
    :podspec: "../../node_modules/react-native-macos/third-party-podspecs/boost-for-react-native.podspec"
  DoubleConversion:
    :podspec: "../../node_modules/react-native-macos/third-party-podspecs/DoubleConversion.podspec"
  FBLazyVector:
    :path: "../../node_modules/react-native-macos/Libraries/FBLazyVector"
  FBReactNativeSpec:
    :path: "../../node_modules/react-native-macos/Libraries/FBReactNativeSpec"
  Folly:
    :podspec: "../../node_modules/react-native-macos/third-party-podspecs/Folly.podspec"
  glog:
    :podspec: "../../node_modules/react-native-macos/third-party-podspecs/glog.podspec"
  RCTRequired:
    :path: "../../node_modules/react-native-macos/Libraries/RCTRequired"
  RCTTypeSafety:
    :path: "../../node_modules/react-native-macos/Libraries/TypeSafety"
  React:
    :path: "../../node_modules/react-native-macos/"
  React-Core:
    :path: "../../node_modules/react-native-macos/"
  React-CoreModules:
    :path: "../../node_modules/react-native-macos/React/CoreModules"
  React-cxxreact:
    :path: "../../node_modules/react-native-macos/ReactCommon/cxxreact"
  React-jsi:
    :path: "../../node_modules/react-native-macos/ReactCommon/jsi"
  React-jsiexecutor:
    :path: "../../node_modules/react-native-macos/ReactCommon/jsiexecutor"
  React-jsinspector:
    :path: "../../node_modules/react-native-macos/ReactCommon/jsinspector"
  React-RCTActionSheet:
    :path: "../../node_modules/react-native-macos/Libraries/ActionSheetIOS"
  React-RCTAnimation:
    :path: "../../node_modules/react-native-macos/Libraries/NativeAnimation"
  React-RCTBlob:
    :path: "../../node_modules/react-native-macos/Libraries/Blob"
  React-RCTImage:
    :path: "../../node_modules/react-native-macos/Libraries/Image"
  React-RCTLinking:
    :path: "../../node_modules/react-native-macos/Libraries/LinkingIOS"
  React-RCTNetwork:
    :path: "../../node_modules/react-native-macos/Libraries/Network"
  React-RCTSettings:
    :path: "../../node_modules/react-native-macos/Libraries/Settings"
  React-RCTText:
    :path: "../../node_modules/react-native-macos/Libraries/Text"
  React-RCTVibration:
    :path: "../../node_modules/react-native-macos/Libraries/Vibration"
  ReactCommon:
    :path: "../../node_modules/react-native-macos/ReactCommon"
  RNCPicker:
    :path: "../../RNCPicker.podspec"
  Yoga:
    :path: "../../node_modules/react-native-macos/ReactCommon/yoga"

SPEC CHECKSUMS:
  boost-for-react-native: a110407d9db2642fd2e1bcd7c5a51c81f2521dc9
  DoubleConversion: a1bc12a74baa397a2609e0f10e19b8062d864053
  FBLazyVector: 2a346b3cc08134d135b81621911a34ea0af981d8
  FBReactNativeSpec: ffed24df5a133f3488bcb52dc295b901e0ddc7d8
  Folly: feff29ba9d0b7c2e4f793a94942831d6cc5bbad7
  glog: b3f6d74f3e2d33396addc0ee724d2b2b79fc3e00
  RCTRequired: e27b93b41b631adeba08e8ad51eebe99b958afd6
  RCTTypeSafety: d7cecb745508ec8856de2b5d90c02c2b8f1454c0
  React: 5b20d392f697f8ccabaca9515b29d919fc339839
  React-Core: 81a3bec3fad976f5c30a441b8c870ede1b3117a5
  React-CoreModules: 902e6c74a5289c3e41248183e2744fbea49bd27d
  React-cxxreact: 4c3f085060880371165015229f46485c3bfecaf6
  React-jsi: 8c7c46683edef0261fd51386b63fc74e22a00ac1
  React-jsiexecutor: e8bf2706407fee9284bb9dd484989cad773b0010
  React-jsinspector: c1ecbf1d957d7c12b1f6c0741262ab94d95690e4
  React-RCTActionSheet: 92e0f98137ed7e9c8c298288da1194a08a464268
  React-RCTAnimation: d274eb0b9aafd73ecfd1f6a06fcc07485d580405
  React-RCTBlob: 39f870b8a4b2c1fee26b03994941e5c87b81d21d
  React-RCTImage: 2b41fc4bba20e6e384434ac32d6ef228944bb5c7
  React-RCTLinking: 6511a10f4365522bb6dda3a2888ef71053b2b166
  React-RCTNetwork: f6cbe1dea6d686a0544d447d28cc34de929b318c
  React-RCTSettings: c41c121d4b0a3bbd8f9977b05266103c0152f47e
  React-RCTText: 4c51e380779c79f3b0bcdd83cd9b915ec0ba3f94
  React-RCTVibration: db9842431f70b968a9cb3d7ea8fd60af8c4f347c
  ReactCommon: edcccd3854d8ecc774bd22e2080641559248c94e
  RNCPicker: 4850f485a2b6a51788c7582d90d4b7d0e1644036
  Yoga: b0830b39d03c70aeba986214a9736d2fbf220f2b

PODFILE CHECKSUM: 6fb4006525cc33d2c52a72a47eea83e4e857bed7

COCOAPODS: 1.9.3
